# This file was autogenerated by Stack.
# You should not edit this file by hand.
# For more information, please see the documentation at:
#   https://docs.haskellstack.org/en/stable/lock_files

packages:
- completed:
    hackage: deriving-aeson-0.2.4@sha256:c014906d1ba5f73646dd1da9815c3203ba5938210e12f0ce1e5f0d98fa4f64e2,1277
    pantry-tree:
      size: 441
      sha256: f2bc6b70b2f43e1bc8aaf69651c7d045456d37c0f8c5ff67ad4d42cb4df2e3cb
  original:
    hackage: deriving-aeson-0.2.4@sha256:c014906d1ba5f73646dd1da9815c3203ba5938210e12f0ce1e5f0d98fa4f64e2,1277
- completed:
    hackage: servant-options-0.1.0.0@sha256:39f50166a68006250e79370372f553ca476f14d06d93fa0c401050253aeba803,914
    pantry-tree:
      size: 293
      sha256: 7812baf1b27c62068ba634207fbd7077b886424d666b36739a78c6d4008a1fd4
  original:
    hackage: servant-options-0.1.0.0@sha256:39f50166a68006250e79370372f553ca476f14d06d93fa0c401050253aeba803,914
- completed:
    hackage: tonaparser-0.1.0.0@sha256:8b2cabc9e61dea81144a9e4f8ff8b131b7da93cec10765ae49c003f508873b85,5136
    pantry-tree:
      size: 424
      sha256: c2ccd166873645b13b7daec7201c4bae788558efbe6590442b9201118c74f9a4
  original:
    hackage: tonaparser-0.1.0.0@sha256:8b2cabc9e61dea81144a9e4f8ff8b131b7da93cec10765ae49c003f508873b85,5136
- completed:
    hackage: tonatona-0.1.1.0@sha256:63f10b4b4ff0dd61d10458eb9557bdc6ee2f13afeccc5091df9aa65a85094ffb,4145
    pantry-tree:
      size: 361
      sha256: bdaac15721a9ca78a65429a432b84f07faeb6c43836106dda9f1d69e540fcef9
  original:
    hackage: tonatona-0.1.1.0@sha256:63f10b4b4ff0dd61d10458eb9557bdc6ee2f13afeccc5091df9aa65a85094ffb,4145
- completed:
    hackage: tonatona-logger-0.2.0.0@sha256:14d3b351978238fad50e41b447ae1296ff0c5d07512f56c17ec791973e56ea3d,3924
    pantry-tree:
      size: 376
      sha256: 576b6703a0542a30c66927bddadb2bd9309d29f3e0df37c7a9ff03e8fc627348
  original:
    hackage: tonatona-logger-0.2.0.0@sha256:14d3b351978238fad50e41b447ae1296ff0c5d07512f56c17ec791973e56ea3d,3924
snapshots:
- completed:
    size: 493124
    url: https://raw.githubusercontent.com/commercialhaskell/stackage-snapshots/master/lts/15/10.yaml
    sha256: 48bc6d1d59224a5166265ef6cdda6a512f29ecc8ef7331826312b82377e89507
  original: lts-15.10
